
Microsoft Visual Studio Solution File, Format Version 12.00
# Visual Studio 14
VisualStudioVersion = 14.0.25420.1
MinimumVisualStudioVersion = 10.0.40219.1
Project("{2150E333-8FDC-42A3-9474-1A3956D46DE8}") = "Common", "Common", "{F7DA4658-BA1C-45EF-B764-5CBABDAECC5D}"
EndProject
Project("{2150E333-8FDC-42A3-9474-1A3956D46DE8}") = "Chap01", "Chap01", "{832829AA-DDB2-44A2-82CF-A374B2655AA1}"
EndProject
Project("{2150E333-8FDC-42A3-9474-1A3956D46DE8}") = "Header Files", "Header Files", "{57101ECE-98AF-4C12-8929-4BD28F7A6526}"
	ProjectSection(SolutionItems) = preProject
		Common\CheckError.h = Common\CheckError.h
		Common\LoadShaders.h = Common\LoadShaders.h
		Common\mat.h = Common\mat.h
		Common\vapp.h = Common\vapp.h
		Common\vbm.h = Common\vbm.h
		Common\vec.h = Common\vec.h
		Common\vermilion.h = Common\vermilion.h
		Common\vgl.h = Common\vgl.h
		Common\vmath.h = Common\vmath.h
		Common\vutils.h = Common\vutils.h
	EndProjectSection
EndProject
Project("{2150E333-8FDC-42A3-9474-1A3956D46DE8}") = "Source Files", "Source Files", "{486B6315-9C33-47AE-BE36-1A045E780F37}"
	ProjectSection(SolutionItems) = preProject
		Common\LoadShaders.cpp = Common\LoadShaders.cpp
		Common\loadtexture.cpp = Common\loadtexture.cpp
		Common\targa.cpp = Common\targa.cpp
		Common\vbm.cpp = Common\vbm.cpp
		Common\vdds.cpp = Common\vdds.cpp
		Common\vermilion.cpp = Common\vermilion.cpp
	EndProjectSection
EndProject
Project("{8BC9CEB8-8B4A-11D0-8D11-00A0C91BC942}") = "01-Triangles", "Chap01\01-Triangles\01-Triangles.vcxproj", "{D947EAFF-F339-49C3-ABEF-B06F973B982C}"
EndProject
Project("{8BC9CEB8-8B4A-11D0-8D11-00A0C91BC942}") = "01-Keypress", "Chap01\01-Keypress\01-Keypress.vcxproj", "{630A26B9-1A70-4AF2-B194-0615D7100600}"
EndProject
Project("{2150E333-8FDC-42A3-9474-1A3956D46DE8}") = "Chap02", "Chap02", "{9F16DF25-C9D0-4D64-A1CC-EBDC30C13D9E}"
EndProject
Project("{8BC9CEB8-8B4A-11D0-8D11-00A0C91BC942}") = "02-StevePro", "Chap02\02-StevePro\02-StevePro.vcxproj", "{6554F523-342A-4FD5-823E-210BC8EC268F}"
EndProject
Project("{2150E333-8FDC-42A3-9474-1A3956D46DE8}") = "Chap03", "Chap03", "{7619CB23-862F-4172-827F-54A77DC4D22C}"
EndProject
Project("{8BC9CEB8-8B4A-11D0-8D11-00A0C91BC942}") = "03-DrawCommands", "Chap03\03-DrawCommands\03-DrawCommands.vcxproj", "{2C9EAD87-A0EF-4204-A09E-D2FE32E40845}"
EndProject
Project("{8BC9CEB8-8B4A-11D0-8D11-00A0C91BC942}") = "03-Instancing01", "Chap03\03-Instancing01\03-Instancing01.vcxproj", "{B25C45FB-4BA4-475B-A97B-ABA67FBF7B1C}"
EndProject
Project("{8BC9CEB8-8B4A-11D0-8D11-00A0C91BC942}") = "03-Instancing02", "Chap03\03-Instancing02\03-Instancing02.vcxproj", "{3BB2EDAF-5D5A-4338-AC98-D9392E269160}"
EndProject
Project("{8BC9CEB8-8B4A-11D0-8D11-00A0C91BC942}") = "03-Instancing03", "Chap03\03-Instancing03\03-Instancing03.vcxproj", "{70290219-F287-4F53-9BF3-8A6212DC1156}"
EndProject
Project("{8BC9CEB8-8B4A-11D0-8D11-00A0C91BC942}") = "03-PointSprites", "Chap03\03-PointSprites\03-PointSprites.vcxproj", "{79F5BB20-F927-4C84-A480-648702A9C7E2}"
EndProject
Project("{8BC9CEB8-8B4A-11D0-8D11-00A0C91BC942}") = "03-PrimitiveRestart", "Chap03\03-PrimitiveRestart\03-PrimitiveRestart.vcxproj", "{72273272-72A2-44D0-8346-7A239BE0C0CB}"
EndProject
Project("{8BC9CEB8-8B4A-11D0-8D11-00A0C91BC942}") = "03-XFB", "Chap03\03-XFB\03-XFB.vcxproj", "{6AD66A7B-BEED-4EFE-BB11-E531D83479DE}"
EndProject
Project("{2150E333-8FDC-42A3-9474-1A3956D46DE8}") = "Chap04", "Chap04", "{A4AC7927-2FD0-4672-B6A3-7A4C9FE13C72}"
EndProject
Global
	GlobalSection(SolutionConfigurationPlatforms) = preSolution		
		Debug|x86 = Debug|x86
		Release|x86 = Release|x86
	EndGlobalSection
	GlobalSection(ProjectConfigurationPlatforms) = postSolution
		{D947EAFF-F339-49C3-ABEF-B06F973B982C}.Debug|x64.ActiveCfg = Debug|x64
		{D947EAFF-F339-49C3-ABEF-B06F973B982C}.Debug|x64.Build.0 = Debug|x64
		{D947EAFF-F339-49C3-ABEF-B06F973B982C}.Debug|x86.ActiveCfg = Debug|Win32
		{D947EAFF-F339-49C3-ABEF-B06F973B982C}.Debug|x86.Build.0 = Debug|Win32
		{D947EAFF-F339-49C3-ABEF-B06F973B982C}.Release|x64.ActiveCfg = Release|x64
		{D947EAFF-F339-49C3-ABEF-B06F973B982C}.Release|x64.Build.0 = Release|x64
		{D947EAFF-F339-49C3-ABEF-B06F973B982C}.Release|x86.ActiveCfg = Release|Win32
		{D947EAFF-F339-49C3-ABEF-B06F973B982C}.Release|x86.Build.0 = Release|Win32
		{630A26B9-1A70-4AF2-B194-0615D7100600}.Debug|x64.ActiveCfg = Debug|x64
		{630A26B9-1A70-4AF2-B194-0615D7100600}.Debug|x64.Build.0 = Debug|x64
		{630A26B9-1A70-4AF2-B194-0615D7100600}.Debug|x86.ActiveCfg = Debug|Win32
		{630A26B9-1A70-4AF2-B194-0615D7100600}.Debug|x86.Build.0 = Debug|Win32
		{630A26B9-1A70-4AF2-B194-0615D7100600}.Release|x64.ActiveCfg = Release|x64
		{630A26B9-1A70-4AF2-B194-0615D7100600}.Release|x64.Build.0 = Release|x64
		{630A26B9-1A70-4AF2-B194-0615D7100600}.Release|x86.ActiveCfg = Release|Win32
		{630A26B9-1A70-4AF2-B194-0615D7100600}.Release|x86.Build.0 = Release|Win32
		{6554F523-342A-4FD5-823E-210BC8EC268F}.Debug|x64.ActiveCfg = Debug|x64
		{6554F523-342A-4FD5-823E-210BC8EC268F}.Debug|x64.Build.0 = Debug|x64
		{6554F523-342A-4FD5-823E-210BC8EC268F}.Debug|x86.ActiveCfg = Debug|Win32
		{6554F523-342A-4FD5-823E-210BC8EC268F}.Debug|x86.Build.0 = Debug|Win32
		{6554F523-342A-4FD5-823E-210BC8EC268F}.Release|x64.ActiveCfg = Release|x64
		{6554F523-342A-4FD5-823E-210BC8EC268F}.Release|x64.Build.0 = Release|x64
		{6554F523-342A-4FD5-823E-210BC8EC268F}.Release|x86.ActiveCfg = Release|Win32
		{6554F523-342A-4FD5-823E-210BC8EC268F}.Release|x86.Build.0 = Release|Win32
		{2C9EAD87-A0EF-4204-A09E-D2FE32E40845}.Debug|x64.ActiveCfg = Debug|x64
		{2C9EAD87-A0EF-4204-A09E-D2FE32E40845}.Debug|x64.Build.0 = Debug|x64
		{2C9EAD87-A0EF-4204-A09E-D2FE32E40845}.Debug|x86.ActiveCfg = Debug|Win32
		{2C9EAD87-A0EF-4204-A09E-D2FE32E40845}.Debug|x86.Build.0 = Debug|Win32
		{2C9EAD87-A0EF-4204-A09E-D2FE32E40845}.Release|x64.ActiveCfg = Release|x64
		{2C9EAD87-A0EF-4204-A09E-D2FE32E40845}.Release|x64.Build.0 = Release|x64
		{2C9EAD87-A0EF-4204-A09E-D2FE32E40845}.Release|x86.ActiveCfg = Release|Win32
		{2C9EAD87-A0EF-4204-A09E-D2FE32E40845}.Release|x86.Build.0 = Release|Win32
		{B25C45FB-4BA4-475B-A97B-ABA67FBF7B1C}.Debug|x64.ActiveCfg = Debug|x64
		{B25C45FB-4BA4-475B-A97B-ABA67FBF7B1C}.Debug|x64.Build.0 = Debug|x64
		{B25C45FB-4BA4-475B-A97B-ABA67FBF7B1C}.Debug|x86.ActiveCfg = Debug|Win32
		{B25C45FB-4BA4-475B-A97B-ABA67FBF7B1C}.Debug|x86.Build.0 = Debug|Win32
		{B25C45FB-4BA4-475B-A97B-ABA67FBF7B1C}.Release|x64.ActiveCfg = Release|x64
		{B25C45FB-4BA4-475B-A97B-ABA67FBF7B1C}.Release|x64.Build.0 = Release|x64
		{B25C45FB-4BA4-475B-A97B-ABA67FBF7B1C}.Release|x86.ActiveCfg = Release|Win32
		{B25C45FB-4BA4-475B-A97B-ABA67FBF7B1C}.Release|x86.Build.0 = Release|Win32
		{3BB2EDAF-5D5A-4338-AC98-D9392E269160}.Debug|x64.ActiveCfg = Debug|x64
		{3BB2EDAF-5D5A-4338-AC98-D9392E269160}.Debug|x64.Build.0 = Debug|x64
		{3BB2EDAF-5D5A-4338-AC98-D9392E269160}.Debug|x86.ActiveCfg = Debug|Win32
		{3BB2EDAF-5D5A-4338-AC98-D9392E269160}.Debug|x86.Build.0 = Debug|Win32
		{3BB2EDAF-5D5A-4338-AC98-D9392E269160}.Release|x64.ActiveCfg = Release|x64
		{3BB2EDAF-5D5A-4338-AC98-D9392E269160}.Release|x64.Build.0 = Release|x64
		{3BB2EDAF-5D5A-4338-AC98-D9392E269160}.Release|x86.ActiveCfg = Release|Win32
		{3BB2EDAF-5D5A-4338-AC98-D9392E269160}.Release|x86.Build.0 = Release|Win32
		{70290219-F287-4F53-9BF3-8A6212DC1156}.Debug|x64.ActiveCfg = Debug|x64
		{70290219-F287-4F53-9BF3-8A6212DC1156}.Debug|x64.Build.0 = Debug|x64
		{70290219-F287-4F53-9BF3-8A6212DC1156}.Debug|x86.ActiveCfg = Debug|Win32
		{70290219-F287-4F53-9BF3-8A6212DC1156}.Debug|x86.Build.0 = Debug|Win32
		{70290219-F287-4F53-9BF3-8A6212DC1156}.Release|x64.ActiveCfg = Release|x64
		{70290219-F287-4F53-9BF3-8A6212DC1156}.Release|x64.Build.0 = Release|x64
		{70290219-F287-4F53-9BF3-8A6212DC1156}.Release|x86.ActiveCfg = Release|Win32
		{70290219-F287-4F53-9BF3-8A6212DC1156}.Release|x86.Build.0 = Release|Win32
		{79F5BB20-F927-4C84-A480-648702A9C7E2}.Debug|x64.ActiveCfg = Debug|x64
		{79F5BB20-F927-4C84-A480-648702A9C7E2}.Debug|x64.Build.0 = Debug|x64
		{79F5BB20-F927-4C84-A480-648702A9C7E2}.Debug|x86.ActiveCfg = Debug|Win32
		{79F5BB20-F927-4C84-A480-648702A9C7E2}.Debug|x86.Build.0 = Debug|Win32
		{79F5BB20-F927-4C84-A480-648702A9C7E2}.Release|x64.ActiveCfg = Release|x64
		{79F5BB20-F927-4C84-A480-648702A9C7E2}.Release|x64.Build.0 = Release|x64
		{79F5BB20-F927-4C84-A480-648702A9C7E2}.Release|x86.ActiveCfg = Release|Win32
		{79F5BB20-F927-4C84-A480-648702A9C7E2}.Release|x86.Build.0 = Release|Win32
		{72273272-72A2-44D0-8346-7A239BE0C0CB}.Debug|x64.ActiveCfg = Debug|x64
		{72273272-72A2-44D0-8346-7A239BE0C0CB}.Debug|x64.Build.0 = Debug|x64
		{72273272-72A2-44D0-8346-7A239BE0C0CB}.Debug|x86.ActiveCfg = Debug|Win32
		{72273272-72A2-44D0-8346-7A239BE0C0CB}.Debug|x86.Build.0 = Debug|Win32
		{72273272-72A2-44D0-8346-7A239BE0C0CB}.Release|x64.ActiveCfg = Release|x64
		{72273272-72A2-44D0-8346-7A239BE0C0CB}.Release|x64.Build.0 = Release|x64
		{72273272-72A2-44D0-8346-7A239BE0C0CB}.Release|x86.ActiveCfg = Release|Win32
		{72273272-72A2-44D0-8346-7A239BE0C0CB}.Release|x86.Build.0 = Release|Win32
		{6AD66A7B-BEED-4EFE-BB11-E531D83479DE}.Debug|x64.ActiveCfg = Debug|x64
		{6AD66A7B-BEED-4EFE-BB11-E531D83479DE}.Debug|x64.Build.0 = Debug|x64
		{6AD66A7B-BEED-4EFE-BB11-E531D83479DE}.Debug|x86.ActiveCfg = Debug|Win32
		{6AD66A7B-BEED-4EFE-BB11-E531D83479DE}.Debug|x86.Build.0 = Debug|Win32
		{6AD66A7B-BEED-4EFE-BB11-E531D83479DE}.Release|x64.ActiveCfg = Release|x64
		{6AD66A7B-BEED-4EFE-BB11-E531D83479DE}.Release|x64.Build.0 = Release|x64
		{6AD66A7B-BEED-4EFE-BB11-E531D83479DE}.Release|x86.ActiveCfg = Release|Win32
		{6AD66A7B-BEED-4EFE-BB11-E531D83479DE}.Release|x86.Build.0 = Release|Win32
	EndGlobalSection
	GlobalSection(SolutionProperties) = preSolution
		HideSolutionNode = FALSE
	EndGlobalSection
	GlobalSection(NestedProjects) = preSolution
		{57101ECE-98AF-4C12-8929-4BD28F7A6526} = {F7DA4658-BA1C-45EF-B764-5CBABDAECC5D}
		{486B6315-9C33-47AE-BE36-1A045E780F37} = {F7DA4658-BA1C-45EF-B764-5CBABDAECC5D}
		{D947EAFF-F339-49C3-ABEF-B06F973B982C} = {832829AA-DDB2-44A2-82CF-A374B2655AA1}
		{630A26B9-1A70-4AF2-B194-0615D7100600} = {832829AA-DDB2-44A2-82CF-A374B2655AA1}
		{6554F523-342A-4FD5-823E-210BC8EC268F} = {9F16DF25-C9D0-4D64-A1CC-EBDC30C13D9E}
		{2C9EAD87-A0EF-4204-A09E-D2FE32E40845} = {7619CB23-862F-4172-827F-54A77DC4D22C}
		{B25C45FB-4BA4-475B-A97B-ABA67FBF7B1C} = {7619CB23-862F-4172-827F-54A77DC4D22C}
		{3BB2EDAF-5D5A-4338-AC98-D9392E269160} = {7619CB23-862F-4172-827F-54A77DC4D22C}
		{70290219-F287-4F53-9BF3-8A6212DC1156} = {7619CB23-862F-4172-827F-54A77DC4D22C}
		{79F5BB20-F927-4C84-A480-648702A9C7E2} = {7619CB23-862F-4172-827F-54A77DC4D22C}
		{72273272-72A2-44D0-8346-7A239BE0C0CB} = {7619CB23-862F-4172-827F-54A77DC4D22C}
		{6AD66A7B-BEED-4EFE-BB11-E531D83479DE} = {7619CB23-862F-4172-827F-54A77DC4D22C}
	EndGlobalSection
EndGlobal
